
Microsoft Visual Studio Solution File, Format Version 12.00
# Visual Studio Version 16
VisualStudioVersion = 16.0.30011.22
MinimumVisualStudioVersion = 10.0.40219.1
Project("{FAE04EC0-301F-11D3-BF4B-00C04F79EFBC}") = "WebTraSua_16", "WebTraSua_16\WebTraSua_16.csproj", "{027A5A39-DCCF-48A7-B4E4-5507896B43DA}"
EndProject
Global
	GlobalSection(SolutionConfigurationPlatforms) = preSolution
		Debug|Any CPU = Debug|Any CPU
		Release|Any CPU = Release|Any CPU
	EndGlobalSection
	GlobalSection(ProjectConfigurationPlatforms) = postSolution
		{027A5A39-DCCF-48A7-B4E4-5507896B43DA}.Debug|Any CPU.ActiveCfg = Debug|Any CPU
		{027A5A39-DCCF-48A7-B4E4-5507896B43DA}.Debug|Any CPU.Build.0 = Debug|Any CPU
		{027A5A39-DCCF-48A7-B4E4-5507896B43DA}.Release|Any CPU.ActiveCfg = Release|Any CPU
		{027A5A39-DCCF-48A7-B4E4-5507896B43DA}.Release|Any CPU.Build.0 = Release|Any CPU
	EndGlobalSection
	GlobalSection(SolutionProperties) = preSolution
		HideSolutionNode = FALSE
	EndGlobalSection
	GlobalSection(ExtensibilityGlobals) = postSolution
		SolutionGuid = {131FD9B0-71F7-41BC-906C-81F5ACD1B70F}
	EndGlobalSection
EndGlobal
